// !$*UTF8*$!
{
	archiveVersion = 1;
	classes = {
	};
	objectVersion = 46;
	objects = {

/* Begin PBXBuildFile section */
		C21B0D4F1476BBBC0094662B /* VideoItemView.m in Sources */ = {isa = PBXBuildFile; fileRef = C21B0D4E1476BBBC0094662B /* VideoItemView.m */; };
		C21C553414762DCF002DAF01 /* VideoBrowserController.m in Sources */ = {isa = PBXBuildFile; fileRef = C21C553314762DCF002DAF01 /* VideoBrowserController.m */; };
		C21C5549147638FC002DAF01 /* ParseOperation.m in Sources */ = {isa = PBXBuildFile; fileRef = C21C5548147638FC002DAF01 /* ParseOperation.m */; };
		C21C555E14765051002DAF01 /* NetworkController.m in Sources */ = {isa = PBXBuildFile; fileRef = C21C555D14765051002DAF01 /* NetworkController.m */; };
		C220BB011478EDCE00695232 /* star-fore.png in Resources */ = {isa = PBXBuildFile; fileRef = C220BB001478EDCE00695232 /* star-fore.png */; };
		C220BB0D1478F81A00695232 /* UIColor+HDV.m in Sources */ = {isa = PBXBuildFile; fileRef = C220BB0C1478F81A00695232 /* UIColor+HDV.m */; };
		C220BB4814790E0500695232 /* HistoryController.m in Sources */ = {isa = PBXBuildFile; fileRef = C220BB4714790E0400695232 /* HistoryController.m */; };
		C2408CC61478895C0072F456 /* VideoPlayerController.m in Sources */ = {isa = PBXBuildFile; fileRef = C2408CC51478895C0072F456 /* VideoPlayerController.m */; };
		C24A365414779AA100662C26 /* placeholder.png in Resources */ = {isa = PBXBuildFile; fileRef = C24A365314779AA100662C26 /* placeholder.png */; };
		C24A365814779C6400662C26 /* PosterDownloader.m in Sources */ = {isa = PBXBuildFile; fileRef = C24A365714779C6400662C26 /* PosterDownloader.m */; };
		C24A36621477D65C00662C26 /* star-back.png in Resources */ = {isa = PBXBuildFile; fileRef = C24A36611477D65C00662C26 /* star-back.png */; };
		C24A36821477F2BB00662C26 /* background.jpg in Resources */ = {isa = PBXBuildFile; fileRef = C24A36811477F2BB00662C26 /* background.jpg */; };
		C24A36841477F3B500662C26 /* Category.plist in Resources */ = {isa = PBXBuildFile; fileRef = C24A36831477F3B500662C26 /* Category.plist */; };
		C24A368F1477F41D00662C26 /* DataController.m in Sources */ = {isa = PBXBuildFile; fileRef = C24A368E1477F41D00662C26 /* DataController.m */; };
		C24A36921477F55D00662C26 /* DataUtil.m in Sources */ = {isa = PBXBuildFile; fileRef = C24A36911477F55D00662C26 /* DataUtil.m */; };
		C25794AC147E852E00912AE8 /* placeholder2.png in Resources */ = {isa = PBXBuildFile; fileRef = C25794AB147E852E00912AE8 /* placeholder2.png */; };
		C25794B7147E88AD00912AE8 /* arrow-down.png in Resources */ = {isa = PBXBuildFile; fileRef = C25794B6147E88AD00912AE8 /* arrow-down.png */; };
		C25794B9147E89F200912AE8 /* arrow-up.png in Resources */ = {isa = PBXBuildFile; fileRef = C25794B8147E89F200912AE8 /* arrow-up.png */; };
		C26025881478B503008EECDA /* ClassUtil.m in Sources */ = {isa = PBXBuildFile; fileRef = C26025871478B503008EECDA /* ClassUtil.m */; };
		C260258C1478B5A8008EECDA /* UINavigationBar+HDV.m in Sources */ = {isa = PBXBuildFile; fileRef = C260258B1478B5A8008EECDA /* UINavigationBar+HDV.m */; };
		C260259E1478E51F008EECDA /* new-ribbon.png in Resources */ = {isa = PBXBuildFile; fileRef = C260259D1478E51F008EECDA /* new-ribbon.png */; };
		C26025A11478E757008EECDA /* count-ribbon.png in Resources */ = {isa = PBXBuildFile; fileRef = C26025A01478E757008EECDA /* count-ribbon.png */; };
		C26197C11474B76000551170 /* CoreData.framework in Frameworks */ = {isa = PBXBuildFile; fileRef = C26197BE1474B76000551170 /* CoreData.framework */; };
		C26197C21474B76000551170 /* QuartzCore.framework in Frameworks */ = {isa = PBXBuildFile; fileRef = C26197C01474B76000551170 /* QuartzCore.framework */; };
		C26197C71474B83200551170 /* Default-Landscape.png in Resources */ = {isa = PBXBuildFile; fileRef = C26197C61474B83200551170 /* Default-Landscape.png */; };
		C26197F31474C30700551170 /* top-bar.png in Resources */ = {isa = PBXBuildFile; fileRef = C26197F11474C30700551170 /* top-bar.png */; };
		C26197F51474C6FB00551170 /* bottom-bar.png in Resources */ = {isa = PBXBuildFile; fileRef = C26197F41474C6FB00551170 /* bottom-bar.png */; };
		C27B018814755E29009B8093 /* HDVideoViewController.m in Sources */ = {isa = PBXBuildFile; fileRef = C27B018714755E29009B8093 /* HDVideoViewController.m */; };
		C27B019714756787009B8093 /* UIView+HDV.m in Sources */ = {isa = PBXBuildFile; fileRef = C27B019614756787009B8093 /* UIView+HDV.m */; };
		C27B01B21475E63B009B8093 /* VideoItem.m in Sources */ = {isa = PBXBuildFile; fileRef = C27B01B11475E63B009B8093 /* VideoItem.m */; };
		C293BDCE1474B08C00079D1A /* UIKit.framework in Frameworks */ = {isa = PBXBuildFile; fileRef = C293BDCD1474B08C00079D1A /* UIKit.framework */; };
		C293BDD01474B08C00079D1A /* Foundation.framework in Frameworks */ = {isa = PBXBuildFile; fileRef = C293BDCF1474B08C00079D1A /* Foundation.framework */; };
		C293BDD21474B08C00079D1A /* CoreGraphics.framework in Frameworks */ = {isa = PBXBuildFile; fileRef = C293BDD11474B08C00079D1A /* CoreGraphics.framework */; };
		C293BDD81474B08C00079D1A /* InfoPlist.strings in Resources */ = {isa = PBXBuildFile; fileRef = C293BDD61474B08C00079D1A /* InfoPlist.strings */; };
		C293BDDB1474B08C00079D1A /* main.m in Sources */ = {isa = PBXBuildFile; fileRef = C293BDDA1474B08C00079D1A /* main.m */; };
		C293BDDE1474B08C00079D1A /* HDVideoAppDelegate.m in Sources */ = {isa = PBXBuildFile; fileRef = C293BDDD1474B08C00079D1A /* HDVideoAppDelegate.m */; };
		C293BDE11474B08C00079D1A /* MainWindow.xib in Resources */ = {isa = PBXBuildFile; fileRef = C293BDDF1474B08C00079D1A /* MainWindow.xib */; };
		C293BDF61474B24800079D1A /* README in Resources */ = {isa = PBXBuildFile; fileRef = C293BDF51474B24800079D1A /* README */; };
		C2ECEB8114780F110063BD8A /* Icon-72.png in Resources */ = {isa = PBXBuildFile; fileRef = C2ECEB8014780F110063BD8A /* Icon-72.png */; };
/* End PBXBuildFile section */

/* Begin PBXFileReference section */
		C21B0D4D1476BBBC0094662B /* VideoItemView.h */ = {isa = PBXFileReference; fileEncoding = 4; lastKnownFileType = sourcecode.c.h; path = VideoItemView.h; sourceTree = "<group>"; };
		C21B0D4E1476BBBC0094662B /* VideoItemView.m */ = {isa = PBXFileReference; fileEncoding = 4; lastKnownFileType = sourcecode.c.objc; path = VideoItemView.m; sourceTree = "<group>"; };
		C21C553214762DCF002DAF01 /* VideoBrowserController.h */ = {isa = PBXFileReference; fileEncoding = 4; lastKnownFileType = sourcecode.c.h; path = VideoBrowserController.h; sourceTree = "<group>"; };
		C21C553314762DCF002DAF01 /* VideoBrowserController.m */ = {isa = PBXFileReference; fileEncoding = 4; lastKnownFileType = sourcecode.c.objc; path = VideoBrowserController.m; sourceTree = "<group>"; };
		C21C5547147638FC002DAF01 /* ParseOperation.h */ = {isa = PBXFileReference; fileEncoding = 4; lastKnownFileType = sourcecode.c.h; path = ParseOperation.h; sourceTree = "<group>"; };
		C21C5548147638FC002DAF01 /* ParseOperation.m */ = {isa = PBXFileReference; fileEncoding = 4; lastKnownFileType = sourcecode.c.objc; path = ParseOperation.m; sourceTree = "<group>"; };
		C21C554A14764EAF002DAF01 /* Constants.h */ = {isa = PBXFileReference; fileEncoding = 4; lastKnownFileType = sourcecode.c.h; path = Constants.h; sourceTree = "<group>"; };
		C21C555C14765051002DAF01 /* NetworkController.h */ = {isa = PBXFileReference; fileEncoding = 4; lastKnownFileType = sourcecode.c.h; path = NetworkController.h; sourceTree = "<group>"; };
		C21C555D14765051002DAF01 /* NetworkController.m */ = {isa = PBXFileReference; fileEncoding = 4; lastKnownFileType = sourcecode.c.objc; path = NetworkController.m; sourceTree = "<group>"; };
		C220BB001478EDCE00695232 /* star-fore.png */ = {isa = PBXFileReference; lastKnownFileType = image.png; path = "star-fore.png"; sourceTree = "<group>"; };
		C220BB0B1478F81A00695232 /* UIColor+HDV.h */ = {isa = PBXFileReference; fileEncoding = 4; lastKnownFileType = sourcecode.c.h; path = "UIColor+HDV.h"; sourceTree = "<group>"; };
		C220BB0C1478F81A00695232 /* UIColor+HDV.m */ = {isa = PBXFileReference; fileEncoding = 4; lastKnownFileType = sourcecode.c.objc; path = "UIColor+HDV.m"; sourceTree = "<group>"; };
		C220BB4614790E0400695232 /* HistoryController.h */ = {isa = PBXFileReference; fileEncoding = 4; lastKnownFileType = sourcecode.c.h; path = HistoryController.h; sourceTree = "<group>"; };
		C220BB4714790E0400695232 /* HistoryController.m */ = {isa = PBXFileReference; fileEncoding = 4; lastKnownFileType = sourcecode.c.objc; path = HistoryController.m; sourceTree = "<group>"; };
		C2408CC41478895C0072F456 /* VideoPlayerController.h */ = {isa = PBXFileReference; fileEncoding = 4; lastKnownFileType = sourcecode.c.h; path = VideoPlayerController.h; sourceTree = "<group>"; };
		C2408CC51478895C0072F456 /* VideoPlayerController.m */ = {isa = PBXFileReference; fileEncoding = 4; lastKnownFileType = sourcecode.c.objc; path = VideoPlayerController.m; sourceTree = "<group>"; };
		C24A365314779AA100662C26 /* placeholder.png */ = {isa = PBXFileReference; lastKnownFileType = image.png; path = placeholder.png; sourceTree = "<group>"; };
		C24A365614779C6400662C26 /* PosterDownloader.h */ = {isa = PBXFileReference; fileEncoding = 4; lastKnownFileType = sourcecode.c.h; path = PosterDownloader.h; sourceTree = "<group>"; };
		C24A365714779C6400662C26 /* PosterDownloader.m */ = {isa = PBXFileReference; fileEncoding = 4; lastKnownFileType = sourcecode.c.objc; path = PosterDownloader.m; sourceTree = "<group>"; };
		C24A36611477D65C00662C26 /* star-back.png */ = {isa = PBXFileReference; lastKnownFileType = image.png; path = "star-back.png"; sourceTree = "<group>"; };
		C24A36811477F2BB00662C26 /* background.jpg */ = {isa = PBXFileReference; lastKnownFileType = image.jpeg; path = background.jpg; sourceTree = "<group>"; };
		C24A36831477F3B500662C26 /* Category.plist */ = {isa = PBXFileReference; fileEncoding = 4; lastKnownFileType = text.plist.xml; path = Category.plist; sourceTree = "<group>"; };
		C24A368D1477F41D00662C26 /* DataController.h */ = {isa = PBXFileReference; fileEncoding = 4; lastKnownFileType = sourcecode.c.h; path = DataController.h; sourceTree = "<group>"; };
		C24A368E1477F41D00662C26 /* DataController.m */ = {isa = PBXFileReference; fileEncoding = 4; lastKnownFileType = sourcecode.c.objc; path = DataController.m; sourceTree = "<group>"; };
		C24A36901477F55D00662C26 /* DataUtil.h */ = {isa = PBXFileReference; fileEncoding = 4; lastKnownFileType = sourcecode.c.h; path = DataUtil.h; sourceTree = "<group>"; };
		C24A36911477F55D00662C26 /* DataUtil.m */ = {isa = PBXFileReference; fileEncoding = 4; lastKnownFileType = sourcecode.c.objc; path = DataUtil.m; sourceTree = "<group>"; };
		C24A36A41478089500662C26 /* SynthesizeSingleton.h */ = {isa = PBXFileReference; fileEncoding = 4; lastKnownFileType = sourcecode.c.h; path = SynthesizeSingleton.h; sourceTree = "<group>"; };
		C25794AB147E852E00912AE8 /* placeholder2.png */ = {isa = PBXFileReference; lastKnownFileType = image.png; path = placeholder2.png; sourceTree = "<group>"; };
		C25794B6147E88AD00912AE8 /* arrow-down.png */ = {isa = PBXFileReference; lastKnownFileType = image.png; path = "arrow-down.png"; sourceTree = "<group>"; };
		C25794B8147E89F200912AE8 /* arrow-up.png */ = {isa = PBXFileReference; lastKnownFileType = image.png; path = "arrow-up.png"; sourceTree = "<group>"; };
		C26025861478B503008EECDA /* ClassUtil.h */ = {isa = PBXFileReference; fileEncoding = 4; lastKnownFileType = sourcecode.c.h; path = ClassUtil.h; sourceTree = "<group>"; };
		C26025871478B503008EECDA /* ClassUtil.m */ = {isa = PBXFileReference; fileEncoding = 4; lastKnownFileType = sourcecode.c.objc; path = ClassUtil.m; sourceTree = "<group>"; };
		C260258A1478B5A8008EECDA /* UINavigationBar+HDV.h */ = {isa = PBXFileReference; fileEncoding = 4; lastKnownFileType = sourcecode.c.h; path = "UINavigationBar+HDV.h"; sourceTree = "<group>"; };
		C260258B1478B5A8008EECDA /* UINavigationBar+HDV.m */ = {isa = PBXFileReference; fileEncoding = 4; lastKnownFileType = sourcecode.c.objc; path = "UINavigationBar+HDV.m"; sourceTree = "<group>"; };
		C260259D1478E51F008EECDA /* new-ribbon.png */ = {isa = PBXFileReference; lastKnownFileType = image.png; path = "new-ribbon.png"; sourceTree = "<group>"; };
		C26025A01478E757008EECDA /* count-ribbon.png */ = {isa = PBXFileReference; lastKnownFileType = image.png; path = "count-ribbon.png"; sourceTree = "<group>"; };
		C26197BE1474B76000551170 /* CoreData.framework */ = {isa = PBXFileReference; lastKnownFileType = wrapper.framework; name = CoreData.framework; path = System/Library/Frameworks/CoreData.framework; sourceTree = SDKROOT; };
		C26197BF1474B76000551170 /* CoreGraphics.framework */ = {isa = PBXFileReference; lastKnownFileType = wrapper.framework; name = CoreGraphics.framework; path = System/Library/Frameworks/CoreGraphics.framework; sourceTree = SDKROOT; };
		C26197C01474B76000551170 /* QuartzCore.framework */ = {isa = PBXFileReference; lastKnownFileType = wrapper.framework; name = QuartzCore.framework; path = System/Library/Frameworks/QuartzCore.framework; sourceTree = SDKROOT; };
		C26197C61474B83200551170 /* Default-Landscape.png */ = {isa = PBXFileReference; lastKnownFileType = image.png; path = "Default-Landscape.png"; sourceTree = "<group>"; };
		C26197F11474C30700551170 /* top-bar.png */ = {isa = PBXFileReference; lastKnownFileType = image.png; path = "top-bar.png"; sourceTree = "<group>"; };
		C26197F41474C6FB00551170 /* bottom-bar.png */ = {isa = PBXFileReference; lastKnownFileType = image.png; path = "bottom-bar.png"; sourceTree = "<group>"; };
		C27B018614755E29009B8093 /* HDVideoViewController.h */ = {isa = PBXFileReference; fileEncoding = 4; lastKnownFileType = sourcecode.c.h; path = HDVideoViewController.h; sourceTree = "<group>"; };
		C27B018714755E29009B8093 /* HDVideoViewController.m */ = {isa = PBXFileReference; fileEncoding = 4; lastKnownFileType = sourcecode.c.objc; path = HDVideoViewController.m; sourceTree = "<group>"; };
		C27B019514756787009B8093 /* UIView+HDV.h */ = {isa = PBXFileReference; fileEncoding = 4; lastKnownFileType = sourcecode.c.h; path = "UIView+HDV.h"; sourceTree = "<group>"; };
		C27B019614756787009B8093 /* UIView+HDV.m */ = {isa = PBXFileReference; fileEncoding = 4; lastKnownFileType = sourcecode.c.objc; path = "UIView+HDV.m"; sourceTree = "<group>"; };
		C27B01B01475E63B009B8093 /* VideoItem.h */ = {isa = PBXFileReference; fileEncoding = 4; lastKnownFileType = sourcecode.c.h; path = VideoItem.h; sourceTree = "<group>"; };
		C27B01B11475E63B009B8093 /* VideoItem.m */ = {isa = PBXFileReference; fileEncoding = 4; lastKnownFileType = sourcecode.c.objc; path = VideoItem.m; sourceTree = "<group>"; };
		C293BDC91474B08C00079D1A /* 海量高清.app */ = {isa = PBXFileReference; explicitFileType = wrapper.application; includeInIndex = 0; path = "海量高清.app"; sourceTree = BUILT_PRODUCTS_DIR; };
		C293BDCD1474B08C00079D1A /* UIKit.framework */ = {isa = PBXFileReference; lastKnownFileType = wrapper.framework; name = UIKit.framework; path = System/Library/Frameworks/UIKit.framework; sourceTree = SDKROOT; };
		C293BDCF1474B08C00079D1A /* Foundation.framework */ = {isa = PBXFileReference; lastKnownFileType = wrapper.framework; name = Foundation.framework; path = System/Library/Frameworks/Foundation.framework; sourceTree = SDKROOT; };
		C293BDD11474B08C00079D1A /* CoreGraphics.framework */ = {isa = PBXFileReference; lastKnownFileType = wrapper.framework; name = CoreGraphics.framework; path = System/Library/Frameworks/CoreGraphics.framework; sourceTree = SDKROOT; };
		C293BDD51474B08C00079D1A /* HDVideo-Info.plist */ = {isa = PBXFileReference; lastKnownFileType = text.plist.xml; path = "HDVideo-Info.plist"; sourceTree = "<group>"; };
		C293BDD71474B08C00079D1A /* en */ = {isa = PBXFileReference; lastKnownFileType = text.plist.strings; name = en; path = en.lproj/InfoPlist.strings; sourceTree = "<group>"; };
		C293BDD91474B08C00079D1A /* HDVideo-Prefix.pch */ = {isa = PBXFileReference; lastKnownFileType = sourcecode.c.h; path = "HDVideo-Prefix.pch"; sourceTree = "<group>"; };
		C293BDDA1474B08C00079D1A /* main.m */ = {isa = PBXFileReference; lastKnownFileType = sourcecode.c.objc; path = main.m; sourceTree = "<group>"; };
		C293BDDC1474B08C00079D1A /* HDVideoAppDelegate.h */ = {isa = PBXFileReference; lastKnownFileType = sourcecode.c.h; path = HDVideoAppDelegate.h; sourceTree = "<group>"; };
		C293BDDD1474B08C00079D1A /* HDVideoAppDelegate.m */ = {isa = PBXFileReference; lastKnownFileType = sourcecode.c.objc; path = HDVideoAppDelegate.m; sourceTree = "<group>"; };
		C293BDE01474B08C00079D1A /* en */ = {isa = PBXFileReference; lastKnownFileType = file.xib; name = en; path = en.lproj/MainWindow.xib; sourceTree = "<group>"; };
		C293BDF51474B24800079D1A /* README */ = {isa = PBXFileReference; fileEncoding = 4; lastKnownFileType = text; path = README; sourceTree = "<group>"; };
		C2ECEB8014780F110063BD8A /* Icon-72.png */ = {isa = PBXFileReference; lastKnownFileType = image.png; path = "Icon-72.png"; sourceTree = "<group>"; };
/* End PBXFileReference section */

/* Begin PBXFrameworksBuildPhase section */
		C293BDC61474B08C00079D1A /* Frameworks */ = {
			isa = PBXFrameworksBuildPhase;
			buildActionMask = 2147483647;
			files = (
				C26197C11474B76000551170 /* CoreData.framework in Frameworks */,
				C293BDD21474B08C00079D1A /* CoreGraphics.framework in Frameworks */,
				C26197C21474B76000551170 /* QuartzCore.framework in Frameworks */,
				C293BDCE1474B08C00079D1A /* UIKit.framework in Frameworks */,
				C293BDD01474B08C00079D1A /* Foundation.framework in Frameworks */,
			);
			runOnlyForDeploymentPostprocessing = 0;
		};
/* End PBXFrameworksBuildPhase section */

/* Begin PBXGroup section */
		C27B018914755E35009B8093 /* Extentions */ = {
			isa = PBXGroup;
			children = (
				C27B019514756787009B8093 /* UIView+HDV.h */,
				C27B019614756787009B8093 /* UIView+HDV.m */,
				C260258A1478B5A8008EECDA /* UINavigationBar+HDV.h */,
				C260258B1478B5A8008EECDA /* UINavigationBar+HDV.m */,
				C220BB0B1478F81A00695232 /* UIColor+HDV.h */,
				C220BB0C1478F81A00695232 /* UIColor+HDV.m */,
			);
			path = Extentions;
			sourceTree = "<group>";
		};
		C293BDBE1474B08C00079D1A = {
			isa = PBXGroup;
			children = (
				C293BDF51474B24800079D1A /* README */,
				C293BDD31474B08C00079D1A /* HDVideo */,
				C293BDCC1474B08C00079D1A /* Frameworks */,
				C293BDCA1474B08C00079D1A /* Products */,
			);
			sourceTree = "<group>";
		};
		C293BDCA1474B08C00079D1A /* Products */ = {
			isa = PBXGroup;
			children = (
				C293BDC91474B08C00079D1A /* 海量高清.app */,
			);
			name = Products;
			sourceTree = "<group>";
		};
		C293BDCC1474B08C00079D1A /* Frameworks */ = {
			isa = PBXGroup;
			children = (
				C26197BE1474B76000551170 /* CoreData.framework */,
				C26197BF1474B76000551170 /* CoreGraphics.framework */,
				C26197C01474B76000551170 /* QuartzCore.framework */,
				C293BDCD1474B08C00079D1A /* UIKit.framework */,
				C293BDCF1474B08C00079D1A /* Foundation.framework */,
				C293BDD11474B08C00079D1A /* CoreGraphics.framework */,
			);
			name = Frameworks;
			sourceTree = "<group>";
		};
		C293BDD31474B08C00079D1A /* HDVideo */ = {
			isa = PBXGroup;
			children = (
				C293BDFF1474B3AF00079D1A /* Classes */,
				C293BE001474B3AF00079D1A /* Controllers */,
				C27B018914755E35009B8093 /* Extentions */,
				C293BE021474B3AF00079D1A /* Images */,
				C293BE031474B3AF00079D1A /* Models */,
				C293BE041474B3AF00079D1A /* Views */,
				C293BDDC1474B08C00079D1A /* HDVideoAppDelegate.h */,
				C293BDDD1474B08C00079D1A /* HDVideoAppDelegate.m */,
				C293BDD41474B08C00079D1A /* Supporting Files */,
			);
			path = HDVideo;
			sourceTree = "<group>";
		};
		C293BDD41474B08C00079D1A /* Supporting Files */ = {
			isa = PBXGroup;
			children = (
				C293BDDF1474B08C00079D1A /* MainWindow.xib */,
				C293BDD51474B08C00079D1A /* HDVideo-Info.plist */,
				C293BDD61474B08C00079D1A /* InfoPlist.strings */,
				C293BDD91474B08C00079D1A /* HDVideo-Prefix.pch */,
				C293BDDA1474B08C00079D1A /* main.m */,
				C24A36831477F3B500662C26 /* Category.plist */,
			);
			name = "Supporting Files";
			sourceTree = "<group>";
		};
		C293BDFF1474B3AF00079D1A /* Classes */ = {
			isa = PBXGroup;
			children = (
				C21C554A14764EAF002DAF01 /* Constants.h */,
				C24A368D1477F41D00662C26 /* DataController.h */,
				C24A368E1477F41D00662C26 /* DataController.m */,
				C24A36901477F55D00662C26 /* DataUtil.h */,
				C24A36911477F55D00662C26 /* DataUtil.m */,
				C21C555C14765051002DAF01 /* NetworkController.h */,
				C21C555D14765051002DAF01 /* NetworkController.m */,
				C21C5547147638FC002DAF01 /* ParseOperation.h */,
				C21C5548147638FC002DAF01 /* ParseOperation.m */,
				C24A365614779C6400662C26 /* PosterDownloader.h */,
				C24A365714779C6400662C26 /* PosterDownloader.m */,
				C24A36A41478089500662C26 /* SynthesizeSingleton.h */,
				C26025861478B503008EECDA /* ClassUtil.h */,
				C26025871478B503008EECDA /* ClassUtil.m */,
			);
			path = Classes;
			sourceTree = "<group>";
		};
		C293BE001474B3AF00079D1A /* Controllers */ = {
			isa = PBXGroup;
			children = (
				C27B018614755E29009B8093 /* HDVideoViewController.h */,
				C27B018714755E29009B8093 /* HDVideoViewController.m */,
				C21C553214762DCF002DAF01 /* VideoBrowserController.h */,
				C21C553314762DCF002DAF01 /* VideoBrowserController.m */,
				C2408CC41478895C0072F456 /* VideoPlayerController.h */,
				C2408CC51478895C0072F456 /* VideoPlayerController.m */,
				C220BB4614790E0400695232 /* HistoryController.h */,
				C220BB4714790E0400695232 /* HistoryController.m */,
			);
			path = Controllers;
			sourceTree = "<group>";
		};
		C293BE021474B3AF00079D1A /* Images */ = {
			isa = PBXGroup;
			children = (
				C26197C61474B83200551170 /* Default-Landscape.png */,
				C25794B6147E88AD00912AE8 /* arrow-down.png */,
				C25794B8147E89F200912AE8 /* arrow-up.png */,
				C24A36811477F2BB00662C26 /* background.jpg */,
				C26197F41474C6FB00551170 /* bottom-bar.png */,
				C26025A01478E757008EECDA /* count-ribbon.png */,
				C2ECEB8014780F110063BD8A /* Icon-72.png */,
				C260259D1478E51F008EECDA /* new-ribbon.png */,
				C24A365314779AA100662C26 /* placeholder.png */,
				C25794AB147E852E00912AE8 /* placeholder2.png */,
				C24A36611477D65C00662C26 /* star-back.png */,
				C220BB001478EDCE00695232 /* star-fore.png */,
				C26197F11474C30700551170 /* top-bar.png */,
			);
			path = Images;
			sourceTree = "<group>";
		};
		C293BE031474B3AF00079D1A /* Models */ = {
			isa = PBXGroup;
			children = (
				C27B01B01475E63B009B8093 /* VideoItem.h */,
				C27B01B11475E63B009B8093 /* VideoItem.m */,
			);
			path = Models;
			sourceTree = "<group>";
		};
		C293BE041474B3AF00079D1A /* Views */ = {
			isa = PBXGroup;
			children = (
				C21B0D4D1476BBBC0094662B /* VideoItemView.h */,
				C21B0D4E1476BBBC0094662B /* VideoItemView.m */,
			);
			path = Views;
			sourceTree = "<group>";
		};
/* End PBXGroup section */

/* Begin PBXNativeTarget section */
		C293BDC81474B08C00079D1A /* HDVideo */ = {
			isa = PBXNativeTarget;
			buildConfigurationList = C293BDEA1474B08C00079D1A /* Build configuration list for PBXNativeTarget "HDVideo" */;
			buildPhases = (
				C293BDC51474B08C00079D1A /* Sources */,
				C293BDC61474B08C00079D1A /* Frameworks */,
				C293BDC71474B08C00079D1A /* Resources */,
			);
			buildRules = (
			);
			dependencies = (
			);
			name = HDVideo;
			productName = HDVideo;
			productReference = C293BDC91474B08C00079D1A /* 海量高清.app */;
			productType = "com.apple.product-type.application";
		};
/* End PBXNativeTarget section */

/* Begin PBXProject section */
		C293BDC01474B08C00079D1A /* Project object */ = {
			isa = PBXProject;
			buildConfigurationList = C293BDC31474B08C00079D1A /* Build configuration list for PBXProject "HDVideo" */;
			compatibilityVersion = "Xcode 3.2";
			developmentRegion = English;
			hasScannedForEncodings = 0;
			knownRegions = (
				en,
			);
			mainGroup = C293BDBE1474B08C00079D1A;
			productRefGroup = C293BDCA1474B08C00079D1A /* Products */;
			projectDirPath = "";
			projectRoot = "";
			targets = (
				C293BDC81474B08C00079D1A /* HDVideo */,
			);
		};
/* End PBXProject section */

/* Begin PBXResourcesBuildPhase section */
		C293BDC71474B08C00079D1A /* Resources */ = {
			isa = PBXResourcesBuildPhase;
			buildActionMask = 2147483647;
			files = (
				C293BDD81474B08C00079D1A /* InfoPlist.strings in Resources */,
				C293BDE11474B08C00079D1A /* MainWindow.xib in Resources */,
				C293BDF61474B24800079D1A /* README in Resources */,
				C26197C71474B83200551170 /* Default-Landscape.png in Resources */,
				C26197F31474C30700551170 /* top-bar.png in Resources */,
				C26197F51474C6FB00551170 /* bottom-bar.png in Resources */,
				C24A365414779AA100662C26 /* placeholder.png in Resources */,
				C24A36621477D65C00662C26 /* star-back.png in Resources */,
				C24A36821477F2BB00662C26 /* background.jpg in Resources */,
				C24A36841477F3B500662C26 /* Category.plist in Resources */,
				C2ECEB8114780F110063BD8A /* Icon-72.png in Resources */,
				C260259E1478E51F008EECDA /* new-ribbon.png in Resources */,
				C26025A11478E757008EECDA /* count-ribbon.png in Resources */,
				C220BB011478EDCE00695232 /* star-fore.png in Resources */,
				C25794AC147E852E00912AE8 /* placeholder2.png in Resources */,
				C25794B7147E88AD00912AE8 /* arrow-down.png in Resources */,
				C25794B9147E89F200912AE8 /* arrow-up.png in Resources */,
			);
			runOnlyForDeploymentPostprocessing = 0;
		};
/* End PBXResourcesBuildPhase section */

/* Begin PBXSourcesBuildPhase section */
		C293BDC51474B08C00079D1A /* Sources */ = {
			isa = PBXSourcesBuildPhase;
			buildActionMask = 2147483647;
			files = (
				C293BDDB1474B08C00079D1A /* main.m in Sources */,
				C293BDDE1474B08C00079D1A /* HDVideoAppDelegate.m in Sources */,
				C27B018814755E29009B8093 /* HDVideoViewController.m in Sources */,
				C27B019714756787009B8093 /* UIView+HDV.m in Sources */,
				C27B01B21475E63B009B8093 /* VideoItem.m in Sources */,
				C21C553414762DCF002DAF01 /* VideoBrowserController.m in Sources */,
				C21C5549147638FC002DAF01 /* ParseOperation.m in Sources */,
				C21C555E14765051002DAF01 /* NetworkController.m in Sources */,
				C21B0D4F1476BBBC0094662B /* VideoItemView.m in Sources */,
				C24A365814779C6400662C26 /* PosterDownloader.m in Sources */,
				C24A368F1477F41D00662C26 /* DataController.m in Sources */,
				C24A36921477F55D00662C26 /* DataUtil.m in Sources */,
				C2408CC61478895C0072F456 /* VideoPlayerController.m in Sources */,
				C26025881478B503008EECDA /* ClassUtil.m in Sources */,
				C260258C1478B5A8008EECDA /* UINavigationBar+HDV.m in Sources */,
				C220BB0D1478F81A00695232 /* UIColor+HDV.m in Sources */,
				C220BB4814790E0500695232 /* HistoryController.m in Sources */,
			);
			runOnlyForDeploymentPostprocessing = 0;
		};
/* End PBXSourcesBuildPhase section */

/* Begin PBXVariantGroup section */
		C293BDD61474B08C00079D1A /* InfoPlist.strings */ = {
			isa = PBXVariantGroup;
			children = (
				C293BDD71474B08C00079D1A /* en */,
			);
			name = InfoPlist.strings;
			sourceTree = "<group>";
		};
		C293BDDF1474B08C00079D1A /* MainWindow.xib */ = {
			isa = PBXVariantGroup;
			children = (
				C293BDE01474B08C00079D1A /* en */,
			);
			name = MainWindow.xib;
			sourceTree = "<group>";
		};
/* End PBXVariantGroup section */

/* Begin XCBuildConfiguration section */
		C293BDE81474B08C00079D1A /* Debug */ = {
			isa = XCBuildConfiguration;
			buildSettings = {
				ARCHS = "$(ARCHS_UNIVERSAL_IPHONE_OS)";
				"CODE_SIGN_IDENTITY[sdk=iphoneos*]" = "iPhone Developer";
				GCC_C_LANGUAGE_STANDARD = gnu99;
				GCC_OPTIMIZATION_LEVEL = 0;
				GCC_PREPROCESSOR_DEFINITIONS = DEBUG;
				GCC_SYMBOLS_PRIVATE_EXTERN = NO;
				GCC_VERSION = com.apple.compilers.llvmgcc42;
				GCC_WARN_ABOUT_RETURN_TYPE = YES;
				GCC_WARN_UNUSED_VARIABLE = YES;
				IPHONEOS_DEPLOYMENT_TARGET = 4.3;
				SDKROOT = iphoneos;
				TARGETED_DEVICE_FAMILY = 2;
			};
			name = Debug;
		};
		C293BDE91474B08C00079D1A /* Release */ = {
			isa = XCBuildConfiguration;
			buildSettings = {
				ARCHS = "$(ARCHS_UNIVERSAL_IPHONE_OS)";
				"CODE_SIGN_IDENTITY[sdk=iphoneos*]" = "iPhone Developer";
				GCC_C_LANGUAGE_STANDARD = gnu99;
				GCC_VERSION = com.apple.compilers.llvmgcc42;
				GCC_WARN_ABOUT_RETURN_TYPE = YES;
				GCC_WARN_UNUSED_VARIABLE = YES;
				IPHONEOS_DEPLOYMENT_TARGET = 4.3;
				OTHER_CFLAGS = "-DNS_BLOCK_ASSERTIONS=1";
				SDKROOT = iphoneos;
				TARGETED_DEVICE_FAMILY = 2;
			};
			name = Release;
		};
		C293BDEB1474B08C00079D1A /* Debug */ = {
			isa = XCBuildConfiguration;
			buildSettings = {
				ALWAYS_SEARCH_USER_PATHS = NO;
				COPY_PHASE_STRIP = NO;
				GCC_DYNAMIC_NO_PIC = NO;
				GCC_PRECOMPILE_PREFIX_HEADER = YES;
				GCC_PREFIX_HEADER = "HDVideo/HDVideo-Prefix.pch";
				GCC_VERSION = com.apple.compilers.llvm.clang.1_0;
				INFOPLIST_FILE = "HDVideo/HDVideo-Info.plist";
				PRODUCT_NAME = "海量高清";
				WRAPPER_EXTENSION = app;
			};
			name = Debug;
		};
		C293BDEC1474B08C00079D1A /* Release */ = {
			isa = XCBuildConfiguration;
			buildSettings = {
				ALWAYS_SEARCH_USER_PATHS = NO;
				COPY_PHASE_STRIP = YES;
				GCC_PRECOMPILE_PREFIX_HEADER = YES;
				GCC_PREFIX_HEADER = "HDVideo/HDVideo-Prefix.pch";
				GCC_VERSION = com.apple.compilers.llvm.clang.1_0;
				INFOPLIST_FILE = "HDVideo/HDVideo-Info.plist";
				PRODUCT_NAME = "海量高清";
				VALIDATE_PRODUCT = YES;
				WRAPPER_EXTENSION = app;
			};
			name = Release;
		};
/* End XCBuildConfiguration section */

/* Begin XCConfigurationList section */
		C293BDC31474B08C00079D1A /* Build configuration list for PBXProject "HDVideo" */ = {
			isa = XCConfigurationList;
			buildConfigurations = (
				C293BDE81474B08C00079D1A /* Debug */,
				C293BDE91474B08C00079D1A /* Release */,
			);
			defaultConfigurationIsVisible = 0;
			defaultConfigurationName = Release;
		};
		C293BDEA1474B08C00079D1A /* Build configuration list for PBXNativeTarget "HDVideo" */ = {
			isa = XCConfigurationList;
			buildConfigurations = (
				C293BDEB1474B08C00079D1A /* Debug */,
				C293BDEC1474B08C00079D1A /* Release */,
			);
			defaultConfigurationIsVisible = 0;
			defaultConfigurationName = Release;
		};
/* End XCConfigurationList section */
	};
	rootObject = C293BDC01474B08C00079D1A /* Project object */;
}
